
Microsoft Visual Studio Solution File, Format Version 12.00
# Visual Studio Version 17
VisualStudioVersion = 17.14.36408.4 d17.14
MinimumVisualStudioVersion = 10.0.40219.1
Project("{FAE04EC0-301F-11D3-BF4B-00C04F79EFBC}") = "Lab_2_3", "Lab_2_3\Lab_2_3.csproj", "{9C385466-F687-4030-82B1-18EDC38D8D44}"
EndProject
Global
	GlobalSection(SolutionConfigurationPlatforms) = preSolution
		Debug|Any CPU = Debug|Any CPU
		Release|Any CPU = Release|Any CPU
	EndGlobalSection
	GlobalSection(ProjectConfigurationPlatforms) = postSolution
		{9C385466-F687-4030-82B1-18EDC38D8D44}.Debug|Any CPU.ActiveCfg = Debug|Any CPU
		{9C385466-F687-4030-82B1-18EDC38D8D44}.Debug|Any CPU.Build.0 = Debug|Any CPU
		{9C385466-F687-4030-82B1-18EDC38D8D44}.Release|Any CPU.ActiveCfg = Release|Any CPU
		{9C385466-F687-4030-82B1-18EDC38D8D44}.Release|Any CPU.Build.0 = Release|Any CPU
	EndGlobalSection
	GlobalSection(SolutionProperties) = preSolution
		HideSolutionNode = FALSE
	EndGlobalSection
	GlobalSection(ExtensibilityGlobals) = postSolution
		SolutionGuid = {DA30B172-139E-4868-A8C4-AF0FC6BC014D}
	EndGlobalSection
EndGlobal
